
Microsoft Visual Studio Solution File, Format Version 12.00
# Visual Studio Version 17
VisualStudioVersion = 17.4.33122.133
MinimumVisualStudioVersion = 10.0.40219.1
Project("{9A19103F-16F7-4668-BE54-9A1E7A4F7556}") = "Infrastructure", "src\Infrastructure\Infrastructure.csproj", "{32E46E63-EB1B-4598-B1DE-253785B6F14E}"
EndProject
Project("{2150E333-8FDC-42A3-9474-1A3956D46DE8}") = "tests", "tests", "{BC46F615-FF02-4037-90DF-93F9BF418D3F}"
EndProject
Project("{9A19103F-16F7-4668-BE54-9A1E7A4F7556}") = "Infrastructure.IntegrationTests", "tests\Infrastructure.IntegrationTests\Infrastructure.IntegrationTests.csproj", "{683C56FA-8FA0-4F27-863A-CB926252CB70}"
EndProject
Project("{2150E333-8FDC-42A3-9474-1A3956D46DE8}") = "src", "src", "{E065C995-6375-4E99-8028-D8EE09F8E61A}"
EndProject
Project("{9A19103F-16F7-4668-BE54-9A1E7A4F7556}") = "Core", "src\Core\Core.csproj", "{3A608B86-8A1E-4667-AB79-5F655862593C}"
EndProject
Project("{9A19103F-16F7-4668-BE54-9A1E7A4F7556}") = "Core.IntegrationTests", "tests\Core.IntegrationTests\Core.IntegrationTests.csproj", "{46541867-DEA6-4D46-8DF1-8F18722F8364}"
EndProject
Project("{FAE04EC0-301F-11D3-BF4B-00C04F79EFBC}") = "Infrastructure.UnitTests", "tests\Infrastructure.UnitTests\Infrastructure.UnitTests.csproj", "{AE23972B-C348-4DD7-AACC-82F6114AC31A}"
EndProject
Global
	GlobalSection(SolutionConfigurationPlatforms) = preSolution
		Debug|Any CPU = Debug|Any CPU
		Release|Any CPU = Release|Any CPU
	EndGlobalSection
	GlobalSection(ProjectConfigurationPlatforms) = postSolution
		{32E46E63-EB1B-4598-B1DE-253785B6F14E}.Debug|Any CPU.ActiveCfg = Debug|Any CPU
		{32E46E63-EB1B-4598-B1DE-253785B6F14E}.Debug|Any CPU.Build.0 = Debug|Any CPU
		{32E46E63-EB1B-4598-B1DE-253785B6F14E}.Release|Any CPU.ActiveCfg = Release|Any CPU
		{32E46E63-EB1B-4598-B1DE-253785B6F14E}.Release|Any CPU.Build.0 = Release|Any CPU
		{683C56FA-8FA0-4F27-863A-CB926252CB70}.Debug|Any CPU.ActiveCfg = Debug|Any CPU
		{683C56FA-8FA0-4F27-863A-CB926252CB70}.Debug|Any CPU.Build.0 = Debug|Any CPU
		{683C56FA-8FA0-4F27-863A-CB926252CB70}.Release|Any CPU.ActiveCfg = Release|Any CPU
		{683C56FA-8FA0-4F27-863A-CB926252CB70}.Release|Any CPU.Build.0 = Release|Any CPU
		{3A608B86-8A1E-4667-AB79-5F655862593C}.Debug|Any CPU.ActiveCfg = Debug|Any CPU
		{3A608B86-8A1E-4667-AB79-5F655862593C}.Debug|Any CPU.Build.0 = Debug|Any CPU
		{3A608B86-8A1E-4667-AB79-5F655862593C}.Release|Any CPU.ActiveCfg = Release|Any CPU
		{3A608B86-8A1E-4667-AB79-5F655862593C}.Release|Any CPU.Build.0 = Release|Any CPU
		{46541867-DEA6-4D46-8DF1-8F18722F8364}.Debug|Any CPU.ActiveCfg = Debug|Any CPU
		{46541867-DEA6-4D46-8DF1-8F18722F8364}.Debug|Any CPU.Build.0 = Debug|Any CPU
		{46541867-DEA6-4D46-8DF1-8F18722F8364}.Release|Any CPU.ActiveCfg = Release|Any CPU
		{46541867-DEA6-4D46-8DF1-8F18722F8364}.Release|Any CPU.Build.0 = Release|Any CPU
		{AE23972B-C348-4DD7-AACC-82F6114AC31A}.Debug|Any CPU.ActiveCfg = Debug|Any CPU
		{AE23972B-C348-4DD7-AACC-82F6114AC31A}.Debug|Any CPU.Build.0 = Debug|Any CPU
		{AE23972B-C348-4DD7-AACC-82F6114AC31A}.Release|Any CPU.ActiveCfg = Release|Any CPU
		{AE23972B-C348-4DD7-AACC-82F6114AC31A}.Release|Any CPU.Build.0 = Release|Any CPU
	EndGlobalSection
	GlobalSection(SolutionProperties) = preSolution
		HideSolutionNode = FALSE
	EndGlobalSection
	GlobalSection(NestedProjects) = preSolution
		{32E46E63-EB1B-4598-B1DE-253785B6F14E} = {E065C995-6375-4E99-8028-D8EE09F8E61A}
		{683C56FA-8FA0-4F27-863A-CB926252CB70} = {BC46F615-FF02-4037-90DF-93F9BF418D3F}
		{3A608B86-8A1E-4667-AB79-5F655862593C} = {E065C995-6375-4E99-8028-D8EE09F8E61A}
		{46541867-DEA6-4D46-8DF1-8F18722F8364} = {BC46F615-FF02-4037-90DF-93F9BF418D3F}
		{AE23972B-C348-4DD7-AACC-82F6114AC31A} = {BC46F615-FF02-4037-90DF-93F9BF418D3F}
	EndGlobalSection
	GlobalSection(ExtensibilityGlobals) = postSolution
		SolutionGuid = {EFDC7EDF-4C2A-458D-A798-4A46D827CB85}
	EndGlobalSection
EndGlobal
